
Microsoft Visual Studio Solution File, Format Version 12.00
# Visual Studio Version 16
VisualStudioVersion = 16.0.30517.126
MinimumVisualStudioVersion = 10.0.40219.1
Project("{FAE04EC0-301F-11D3-BF4B-00C04F79EFBC}") = "dvirtest", "dvirtest.csproj", "{C20E3BE1-6394-46A9-8BAC-9FCD7ACB3508}"
EndProject
Global
	GlobalSection(SolutionConfigurationPlatforms) = preSolution
		Debug|Any CPU = Debug|Any CPU
		Debug|x64 = Debug|x64
		Release|Any CPU = Release|Any CPU
		Release|x64 = Release|x64
	EndGlobalSection
	GlobalSection(ProjectConfigurationPlatforms) = postSolution
		{C20E3BE1-6394-46A9-8BAC-9FCD7ACB3508}.Debug|Any CPU.ActiveCfg = Debug|Any CPU
		{C20E3BE1-6394-46A9-8BAC-9FCD7ACB3508}.Debug|Any CPU.Build.0 = Debug|Any CPU
		{C20E3BE1-6394-46A9-8BAC-9FCD7ACB3508}.Debug|x64.ActiveCfg = Debug|x64
		{C20E3BE1-6394-46A9-8BAC-9FCD7ACB3508}.Debug|x64.Build.0 = Debug|x64
		{C20E3BE1-6394-46A9-8BAC-9FCD7ACB3508}.Release|Any CPU.ActiveCfg = Release|Any CPU
		{C20E3BE1-6394-46A9-8BAC-9FCD7ACB3508}.Release|Any CPU.Build.0 = Release|Any CPU
		{C20E3BE1-6394-46A9-8BAC-9FCD7ACB3508}.Release|x64.ActiveCfg = Release|x64
		{C20E3BE1-6394-46A9-8BAC-9FCD7ACB3508}.Release|x64.Build.0 = Release|x64
	EndGlobalSection
	GlobalSection(SolutionProperties) = preSolution
		HideSolutionNode = FALSE
	EndGlobalSection
	GlobalSection(ExtensibilityGlobals) = postSolution
		SolutionGuid = {FCDE34FB-C213-46EC-AFAE-4806075BA1A4}
	EndGlobalSection
EndGlobal
